// !$*UTF8*$!
{
	archiveVersion = 1;
	classes = {
	};
	objectVersion = 46;
	objects = {

/* Begin PBXBuildFile section */
		2C0A3D3E16E8EF5300988BB6 /* FARetryTask.h in CopyFiles */ = {isa = PBXBuildFile; fileRef = E5B4799E16E8525D00480D10 /* FARetryTask.h */; };
		2C0A3D4416E9016F00988BB6 /* FAConditionalBatchTask.m in Sources */ = {isa = PBXBuildFile; fileRef = 2C0A3D4316E9016F00988BB6 /* FAConditionalBatchTask.m */; };
		2C0A3D4516E9104700988BB6 /* FAConditionalBatchTask.h in CopyFiles */ = {isa = PBXBuildFile; fileRef = 2C0A3D4216E9016F00988BB6 /* FAConditionalBatchTask.h */; };
		2C0A3D4E16E9171000988BB6 /* NSURLResponse+StringEncoding.m in Sources */ = {isa = PBXBuildFile; fileRef = 2C0A3D4D16E9171000988BB6 /* NSURLResponse+StringEncoding.m */; };
		2C0A3D4F16E917A200988BB6 /* NSURLResponse+StringEncoding.h in CopyFiles */ = {isa = PBXBuildFile; fileRef = 2C0A3D4C16E9171000988BB6 /* NSURLResponse+StringEncoding.h */; };
		2C439C1516DDBCAC002381F0 /* FAChainedBatchTask.m in Sources */ = {isa = PBXBuildFile; fileRef = 2C439C1416DDBCAC002381F0 /* FAChainedBatchTask.m */; };
		2C439C1616DDC55F002381F0 /* FAChainedBatchTask.h in CopyFiles */ = {isa = PBXBuildFile; fileRef = 2C439C1316DDBCAB002381F0 /* FAChainedBatchTask.h */; };
		E504DCE816DAAF0B00DEB30C /* FAOrderedBatchTask.m in Sources */ = {isa = PBXBuildFile; fileRef = E504DCE716DAAF0B00DEB30C /* FAOrderedBatchTask.m */; };
		E504DCEC16DC5F5700DEB30C /* FAOrderedBatchTask.h in CopyFiles */ = {isa = PBXBuildFile; fileRef = E504DCE616DAAF0A00DEB30C /* FAOrderedBatchTask.h */; };
		E51F2BC8175A521B00A1F33B /* FATaskFactory.m in Sources */ = {isa = PBXBuildFile; fileRef = E51F2BC7175A521B00A1F33B /* FATaskFactory.m */; };
		E51F2BCB175A644900A1F33B /* FANullTask.m in Sources */ = {isa = PBXBuildFile; fileRef = E51F2BCA175A644900A1F33B /* FANullTask.m */; };
		E51F2BD3175A832700A1F33B /* FAURLConnectionDataResult.m in Sources */ = {isa = PBXBuildFile; fileRef = E51F2BD2175A832700A1F33B /* FAURLConnectionDataResult.m */; };
		E51F2BD6175A99BD00A1F33B /* FATaskEvent.m in Sources */ = {isa = PBXBuildFile; fileRef = E51F2BD5175A99BC00A1F33B /* FATaskEvent.m */; };
		E522239B1751C3C500FB59CB /* FAEventDispatcher.m in Sources */ = {isa = PBXBuildFile; fileRef = E522239A1751C3C500FB59CB /* FAEventDispatcher.m */; };
		E54342161747D74A00F7E66B /* FAEvent.m in Sources */ = {isa = PBXBuildFile; fileRef = E54342131747D74A00F7E66B /* FAEvent.m */; };
		E543421B1747D80000F7E66B /* FATaskStartEvent.m in Sources */ = {isa = PBXBuildFile; fileRef = E543421A1747D80000F7E66B /* FATaskStartEvent.m */; };
		E543421E1747DC8100F7E66B /* FATaskCancelEvent.m in Sources */ = {isa = PBXBuildFile; fileRef = E543421D1747DC8100F7E66B /* FATaskCancelEvent.m */; };
		E54342211747DCA900F7E66B /* FATaskFinishEvent.m in Sources */ = {isa = PBXBuildFile; fileRef = E54342201747DCA900F7E66B /* FATaskFinishEvent.m */; };
		E543422D17480DC500F7E66B /* FAEventHandler.m in Sources */ = {isa = PBXBuildFile; fileRef = E543422C17480DC400F7E66B /* FAEventHandler.m */; };
		E54342301748288900F7E66B /* FATaskResultEvent.m in Sources */ = {isa = PBXBuildFile; fileRef = E543422F1748288800F7E66B /* FATaskResultEvent.m */; };
		E54342331748291D00F7E66B /* FATaskErrorEvent.m in Sources */ = {isa = PBXBuildFile; fileRef = E54342321748291D00F7E66B /* FATaskErrorEvent.m */; };
		E54342371748335900F7E66B /* FAURLConnectionTaskResultEvent.m in Sources */ = {isa = PBXBuildFile; fileRef = E54342361748335900F7E66B /* FAURLConnectionTaskResultEvent.m */; };
		E543423A1748348E00F7E66B /* FAURLConnectionTaskSendProgressEvent.m in Sources */ = {isa = PBXBuildFile; fileRef = E54342391748348E00F7E66B /* FAURLConnectionTaskSendProgressEvent.m */; };
		E543423D1748368D00F7E66B /* FAURLConnectionTaskReceiveProgressEvent.m in Sources */ = {isa = PBXBuildFile; fileRef = E543423C1748368D00F7E66B /* FAURLConnectionTaskReceiveProgressEvent.m */; };
		E54342401748453300F7E66B /* FATaskRestartEvent.m in Sources */ = {isa = PBXBuildFile; fileRef = E543423F1748453200F7E66B /* FATaskRestartEvent.m */; };
		E54342431748456800F7E66B /* FATaskDelayEvent.m in Sources */ = {isa = PBXBuildFile; fileRef = E54342421748456700F7E66B /* FATaskDelayEvent.m */; };
		E543424417484DEA00F7E66B /* FAEvent.h in CopyFiles */ = {isa = PBXBuildFile; fileRef = E54342121747D74A00F7E66B /* FAEvent.h */; };
		E543424617484DEA00F7E66B /* FAEventHandler.h in CopyFiles */ = {isa = PBXBuildFile; fileRef = E543422B17480DC400F7E66B /* FAEventHandler.h */; };
		E543424817484DEA00F7E66B /* FAEventDispatcher.h in CopyFiles */ = {isa = PBXBuildFile; fileRef = E54342141747D74A00F7E66B /* FAEventDispatcher.h */; };
		E543424F17484DEF00F7E66B /* FAURLConnectionTaskResultEvent.h in CopyFiles */ = {isa = PBXBuildFile; fileRef = E54342351748335900F7E66B /* FAURLConnectionTaskResultEvent.h */; };
		E543425117484DEF00F7E66B /* FAURLConnectionTaskSendProgressEvent.h in CopyFiles */ = {isa = PBXBuildFile; fileRef = E54342381748348E00F7E66B /* FAURLConnectionTaskSendProgressEvent.h */; };
		E543425317484DEF00F7E66B /* FAURLConnectionTaskReceiveProgressEvent.h in CopyFiles */ = {isa = PBXBuildFile; fileRef = E543423B1748368D00F7E66B /* FAURLConnectionTaskReceiveProgressEvent.h */; };
		E543425517484E1800F7E66B /* FATaskStartEvent.h in CopyFiles */ = {isa = PBXBuildFile; fileRef = E54342191747D80000F7E66B /* FATaskStartEvent.h */; };
		E543425617484E1800F7E66B /* FATaskCancelEvent.h in CopyFiles */ = {isa = PBXBuildFile; fileRef = E543421C1747DC8100F7E66B /* FATaskCancelEvent.h */; };
		E543425717484E1800F7E66B /* FATaskFinishEvent.h in CopyFiles */ = {isa = PBXBuildFile; fileRef = E543421F1747DCA900F7E66B /* FATaskFinishEvent.h */; };
		E543425817484E1800F7E66B /* FATaskResultEvent.h in CopyFiles */ = {isa = PBXBuildFile; fileRef = E543422E1748288800F7E66B /* FATaskResultEvent.h */; };
		E543425917484E1800F7E66B /* FATaskErrorEvent.h in CopyFiles */ = {isa = PBXBuildFile; fileRef = E54342311748291C00F7E66B /* FATaskErrorEvent.h */; };
		E543425A17484E1800F7E66B /* FATaskRestartEvent.h in CopyFiles */ = {isa = PBXBuildFile; fileRef = E543423E1748453200F7E66B /* FATaskRestartEvent.h */; };
		E543425B17484E1800F7E66B /* FATaskDelayEvent.h in CopyFiles */ = {isa = PBXBuildFile; fileRef = E54342411748456700F7E66B /* FATaskDelayEvent.h */; };
		E54342661748569400F7E66B /* FAURLConnectionTaskDownloadResultEvent.m in Sources */ = {isa = PBXBuildFile; fileRef = E54342651748569400F7E66B /* FAURLConnectionTaskDownloadResultEvent.m */; };
		E54342671748584D00F7E66B /* FAURLConnectionTaskDownloadResultEvent.h in CopyFiles */ = {isa = PBXBuildFile; fileRef = E54342641748569300F7E66B /* FAURLConnectionTaskDownloadResultEvent.h */; };
		E553442A16D17ACB007BF606 /* Foundation.framework in Frameworks */ = {isa = PBXBuildFile; fileRef = E553442916D17ACB007BF606 /* Foundation.framework */; };
		E553442F16D17ACB007BF606 /* FranticApparatus.h in CopyFiles */ = {isa = PBXBuildFile; fileRef = E553442E16D17ACB007BF606 /* FranticApparatus.h */; };
		E553443116D17ACB007BF606 /* FranticApparatus.m in Sources */ = {isa = PBXBuildFile; fileRef = E553443016D17ACB007BF606 /* FranticApparatus.m */; };
		E553443916D17ACB007BF606 /* SenTestingKit.framework in Frameworks */ = {isa = PBXBuildFile; fileRef = E553443816D17ACB007BF606 /* SenTestingKit.framework */; };
		E553443C16D17ACB007BF606 /* Foundation.framework in Frameworks */ = {isa = PBXBuildFile; fileRef = E553442916D17ACB007BF606 /* Foundation.framework */; };
		E553443F16D17ACB007BF606 /* libFranticApparatus.a in Frameworks */ = {isa = PBXBuildFile; fileRef = E553442616D17ACB007BF606 /* libFranticApparatus.a */; };
		E553444516D17ACB007BF606 /* InfoPlist.strings in Resources */ = {isa = PBXBuildFile; fileRef = E553444316D17ACB007BF606 /* InfoPlist.strings */; };
		E553444816D17ACB007BF606 /* FranticApparatusTests.m in Sources */ = {isa = PBXBuildFile; fileRef = E553444716D17ACB007BF606 /* FranticApparatusTests.m */; };
		E553445F16D17B4A007BF606 /* FAAbstractTask.m in Sources */ = {isa = PBXBuildFile; fileRef = E553445316D17B4A007BF606 /* FAAbstractTask.m */; };
		E553446016D17B4A007BF606 /* FABatchTask.m in Sources */ = {isa = PBXBuildFile; fileRef = E553445516D17B4A007BF606 /* FABatchTask.m */; };
		E553446216D17B4A007BF606 /* FABackgroundTask.m in Sources */ = {isa = PBXBuildFile; fileRef = E553445916D17B4A007BF606 /* FABackgroundTask.m */; };
		E553446316D17B4A007BF606 /* FAParallelBatchTask.m in Sources */ = {isa = PBXBuildFile; fileRef = E553445B16D17B4A007BF606 /* FAParallelBatchTask.m */; };
		E553446416D17B4A007BF606 /* FASequentialBatchTask.m in Sources */ = {isa = PBXBuildFile; fileRef = E553445D16D17B4A007BF606 /* FASequentialBatchTask.m */; };
		E553447016D17C1D007BF606 /* FAURLConnectionDataTask.m in Sources */ = {isa = PBXBuildFile; fileRef = E553446716D17C1D007BF606 /* FAURLConnectionDataTask.m */; };
		E553447116D17C1D007BF606 /* FAURLConnectionDownloadTask.m in Sources */ = {isa = PBXBuildFile; fileRef = E553446916D17C1D007BF606 /* FAURLConnectionDownloadTask.m */; };
		E553447216D17C1D007BF606 /* FAURLConnectionTask.m in Sources */ = {isa = PBXBuildFile; fileRef = E553446B16D17C1D007BF606 /* FAURLConnectionTask.m */; };
		E553447316D17C1D007BF606 /* FAURLConnectionStreamTask.m in Sources */ = {isa = PBXBuildFile; fileRef = E553446D16D17C1D007BF606 /* FAURLConnectionStreamTask.m */; };
		E5592C5316D4914600B9C58D /* FAURLConnectionTask.h in CopyFiles */ = {isa = PBXBuildFile; fileRef = E553446A16D17C1D007BF606 /* FAURLConnectionTask.h */; };
		E5592C5416D4914600B9C58D /* FAURLConnectionDataTask.h in CopyFiles */ = {isa = PBXBuildFile; fileRef = E553446616D17C1D007BF606 /* FAURLConnectionDataTask.h */; };
		E5592C5516D4914600B9C58D /* FAURLConnectionDownloadTask.h in CopyFiles */ = {isa = PBXBuildFile; fileRef = E553446816D17C1D007BF606 /* FAURLConnectionDownloadTask.h */; };
		E5592C5616D4914600B9C58D /* FAURLConnectionStreamTask.h in CopyFiles */ = {isa = PBXBuildFile; fileRef = E553446C16D17C1D007BF606 /* FAURLConnectionStreamTask.h */; };
		E5592C5816D4914600B9C58D /* FATask.h in CopyFiles */ = {isa = PBXBuildFile; fileRef = E553445E16D17B4A007BF606 /* FATask.h */; };
		E5592C5916D4914600B9C58D /* FAAbstractTask.h in CopyFiles */ = {isa = PBXBuildFile; fileRef = E553445216D17B4A007BF606 /* FAAbstractTask.h */; };
		E5592C5A16D4914600B9C58D /* FABackgroundTask.h in CopyFiles */ = {isa = PBXBuildFile; fileRef = E553445816D17B4A007BF606 /* FABackgroundTask.h */; };
		E5592C5B16D4914600B9C58D /* FABatchTask.h in CopyFiles */ = {isa = PBXBuildFile; fileRef = E553445416D17B4A007BF606 /* FABatchTask.h */; };
		E5592C5D16D4914600B9C58D /* FAParallelBatchTask.h in CopyFiles */ = {isa = PBXBuildFile; fileRef = E553445A16D17B4A007BF606 /* FAParallelBatchTask.h */; };
		E5592C5E16D4914600B9C58D /* FASequentialBatchTask.h in CopyFiles */ = {isa = PBXBuildFile; fileRef = E553445C16D17B4A007BF606 /* FASequentialBatchTask.h */; };
		E57E006B16EE8A2C0066D124 /* FAHTTPURLResponseValidator.m in Sources */ = {isa = PBXBuildFile; fileRef = E57E006A16EE8A2B0066D124 /* FAHTTPURLResponseValidator.m */; };
		E57E006E16EE8AD30066D124 /* FAHTTPError.m in Sources */ = {isa = PBXBuildFile; fileRef = E57E006D16EE8AD20066D124 /* FAHTTPError.m */; };
		E57E007216EE9C530066D124 /* FACustomURLResponseValidator.m in Sources */ = {isa = PBXBuildFile; fileRef = E57E007116EE9C520066D124 /* FACustomURLResponseValidator.m */; };
		E57E007316EEA3F50066D124 /* FAHTTPError.h in CopyFiles */ = {isa = PBXBuildFile; fileRef = E57E006C16EE8AD20066D124 /* FAHTTPError.h */; };
		E57E007416EEA3F50066D124 /* FAURLResponseValidator.h in CopyFiles */ = {isa = PBXBuildFile; fileRef = E57E006F16EE8B210066D124 /* FAURLResponseValidator.h */; };
		E57E007516EEA3F50066D124 /* FACustomURLResponseValidator.h in CopyFiles */ = {isa = PBXBuildFile; fileRef = E57E007016EE9C520066D124 /* FACustomURLResponseValidator.h */; };
		E57E007616EEA3F50066D124 /* FAHTTPURLResponseValidator.h in CopyFiles */ = {isa = PBXBuildFile; fileRef = E57E006916EE8A2B0066D124 /* FAHTTPURLResponseValidator.h */; };
		E57E00A316EF5E890066D124 /* FAURLResponseValidator.m in Sources */ = {isa = PBXBuildFile; fileRef = E57E00A216EF5E880066D124 /* FAURLResponseValidator.m */; };
		E5B479A016E8525E00480D10 /* FARetryTask.m in Sources */ = {isa = PBXBuildFile; fileRef = E5B4799F16E8525E00480D10 /* FARetryTask.m */; };
/* End PBXBuildFile section */

/* Begin PBXContainerItemProxy section */
		E553443D16D17ACB007BF606 /* PBXContainerItemProxy */ = {
			isa = PBXContainerItemProxy;
			containerPortal = E553441E16D17ACB007BF606 /* Project object */;
			proxyType = 1;
			remoteGlobalIDString = E553442516D17ACB007BF606;
			remoteInfo = FranticApparatus;
		};
/* End PBXContainerItemProxy section */

/* Begin PBXCopyFilesBuildPhase section */
		E553442416D17ACB007BF606 /* CopyFiles */ = {
			isa = PBXCopyFilesBuildPhase;
			buildActionMask = 2147483647;
			dstPath = "include/${PRODUCT_NAME}";
			dstSubfolderSpec = 16;
			files = (
				E54342671748584D00F7E66B /* FAURLConnectionTaskDownloadResultEvent.h in CopyFiles */,
				E543425517484E1800F7E66B /* FATaskStartEvent.h in CopyFiles */,
				E543425617484E1800F7E66B /* FATaskCancelEvent.h in CopyFiles */,
				E543425717484E1800F7E66B /* FATaskFinishEvent.h in CopyFiles */,
				E543425817484E1800F7E66B /* FATaskResultEvent.h in CopyFiles */,
				E543425917484E1800F7E66B /* FATaskErrorEvent.h in CopyFiles */,
				E543425A17484E1800F7E66B /* FATaskRestartEvent.h in CopyFiles */,
				E543425B17484E1800F7E66B /* FATaskDelayEvent.h in CopyFiles */,
				E543424F17484DEF00F7E66B /* FAURLConnectionTaskResultEvent.h in CopyFiles */,
				E543425117484DEF00F7E66B /* FAURLConnectionTaskSendProgressEvent.h in CopyFiles */,
				E543425317484DEF00F7E66B /* FAURLConnectionTaskReceiveProgressEvent.h in CopyFiles */,
				E543424417484DEA00F7E66B /* FAEvent.h in CopyFiles */,
				E543424617484DEA00F7E66B /* FAEventHandler.h in CopyFiles */,
				E543424817484DEA00F7E66B /* FAEventDispatcher.h in CopyFiles */,
				E57E007316EEA3F50066D124 /* FAHTTPError.h in CopyFiles */,
				E57E007416EEA3F50066D124 /* FAURLResponseValidator.h in CopyFiles */,
				E57E007516EEA3F50066D124 /* FACustomURLResponseValidator.h in CopyFiles */,
				E57E007616EEA3F50066D124 /* FAHTTPURLResponseValidator.h in CopyFiles */,
				2C0A3D4F16E917A200988BB6 /* NSURLResponse+StringEncoding.h in CopyFiles */,
				2C0A3D4516E9104700988BB6 /* FAConditionalBatchTask.h in CopyFiles */,
				2C0A3D3E16E8EF5300988BB6 /* FARetryTask.h in CopyFiles */,
				2C439C1616DDC55F002381F0 /* FAChainedBatchTask.h in CopyFiles */,
				E504DCEC16DC5F5700DEB30C /* FAOrderedBatchTask.h in CopyFiles */,
				E5592C5316D4914600B9C58D /* FAURLConnectionTask.h in CopyFiles */,
				E5592C5416D4914600B9C58D /* FAURLConnectionDataTask.h in CopyFiles */,
				E5592C5516D4914600B9C58D /* FAURLConnectionDownloadTask.h in CopyFiles */,
				E5592C5616D4914600B9C58D /* FAURLConnectionStreamTask.h in CopyFiles */,
				E5592C5816D4914600B9C58D /* FATask.h in CopyFiles */,
				E5592C5916D4914600B9C58D /* FAAbstractTask.h in CopyFiles */,
				E5592C5A16D4914600B9C58D /* FABackgroundTask.h in CopyFiles */,
				E5592C5B16D4914600B9C58D /* FABatchTask.h in CopyFiles */,
				E5592C5D16D4914600B9C58D /* FAParallelBatchTask.h in CopyFiles */,
				E5592C5E16D4914600B9C58D /* FASequentialBatchTask.h in CopyFiles */,
				E553442F16D17ACB007BF606 /* FranticApparatus.h in CopyFiles */,
			);
			runOnlyForDeploymentPostprocessing = 0;
		};
/* End PBXCopyFilesBuildPhase section */

/* Begin PBXFileReference section */
		2C0A3D4216E9016F00988BB6 /* FAConditionalBatchTask.h */ = {isa = PBXFileReference; fileEncoding = 4; lastKnownFileType = sourcecode.c.h; path = FAConditionalBatchTask.h; sourceTree = "<group>"; };
		2C0A3D4316E9016F00988BB6 /* FAConditionalBatchTask.m */ = {isa = PBXFileReference; fileEncoding = 4; lastKnownFileType = sourcecode.c.objc; path = FAConditionalBatchTask.m; sourceTree = "<group>"; };
		2C0A3D4C16E9171000988BB6 /* NSURLResponse+StringEncoding.h */ = {isa = PBXFileReference; fileEncoding = 4; lastKnownFileType = sourcecode.c.h; path = "NSURLResponse+StringEncoding.h"; sourceTree = "<group>"; };
		2C0A3D4D16E9171000988BB6 /* NSURLResponse+StringEncoding.m */ = {isa = PBXFileReference; fileEncoding = 4; lastKnownFileType = sourcecode.c.objc; path = "NSURLResponse+StringEncoding.m"; sourceTree = "<group>"; };
		2C439C1316DDBCAB002381F0 /* FAChainedBatchTask.h */ = {isa = PBXFileReference; fileEncoding = 4; lastKnownFileType = sourcecode.c.h; path = FAChainedBatchTask.h; sourceTree = "<group>"; };
		2C439C1416DDBCAC002381F0 /* FAChainedBatchTask.m */ = {isa = PBXFileReference; fileEncoding = 4; lastKnownFileType = sourcecode.c.objc; path = FAChainedBatchTask.m; sourceTree = "<group>"; };
		E504DCE616DAAF0A00DEB30C /* FAOrderedBatchTask.h */ = {isa = PBXFileReference; fileEncoding = 4; lastKnownFileType = sourcecode.c.h; path = FAOrderedBatchTask.h; sourceTree = "<group>"; };
		E504DCE716DAAF0B00DEB30C /* FAOrderedBatchTask.m */ = {isa = PBXFileReference; fileEncoding = 4; lastKnownFileType = sourcecode.c.objc; path = FAOrderedBatchTask.m; sourceTree = "<group>"; };
		E51F2BC6175A521B00A1F33B /* FATaskFactory.h */ = {isa = PBXFileReference; fileEncoding = 4; lastKnownFileType = sourcecode.c.h; path = FATaskFactory.h; sourceTree = "<group>"; };
		E51F2BC7175A521B00A1F33B /* FATaskFactory.m */ = {isa = PBXFileReference; fileEncoding = 4; lastKnownFileType = sourcecode.c.objc; path = FATaskFactory.m; sourceTree = "<group>"; };
		E51F2BC9175A644900A1F33B /* FANullTask.h */ = {isa = PBXFileReference; fileEncoding = 4; lastKnownFileType = sourcecode.c.h; path = FANullTask.h; sourceTree = "<group>"; };
		E51F2BCA175A644900A1F33B /* FANullTask.m */ = {isa = PBXFileReference; fileEncoding = 4; lastKnownFileType = sourcecode.c.objc; path = FANullTask.m; sourceTree = "<group>"; };
		E51F2BD1175A832700A1F33B /* FAURLConnectionDataResult.h */ = {isa = PBXFileReference; fileEncoding = 4; lastKnownFileType = sourcecode.c.h; path = FAURLConnectionDataResult.h; sourceTree = "<group>"; };
		E51F2BD2175A832700A1F33B /* FAURLConnectionDataResult.m */ = {isa = PBXFileReference; fileEncoding = 4; lastKnownFileType = sourcecode.c.objc; path = FAURLConnectionDataResult.m; sourceTree = "<group>"; };
		E51F2BD4175A99BC00A1F33B /* FATaskEvent.h */ = {isa = PBXFileReference; fileEncoding = 4; lastKnownFileType = sourcecode.c.h; path = FATaskEvent.h; sourceTree = "<group>"; };
		E51F2BD5175A99BC00A1F33B /* FATaskEvent.m */ = {isa = PBXFileReference; fileEncoding = 4; lastKnownFileType = sourcecode.c.objc; path = FATaskEvent.m; sourceTree = "<group>"; };
		E522239A1751C3C500FB59CB /* FAEventDispatcher.m */ = {isa = PBXFileReference; fileEncoding = 4; lastKnownFileType = sourcecode.c.objc; path = FAEventDispatcher.m; sourceTree = "<group>"; };
		E54342121747D74A00F7E66B /* FAEvent.h */ = {isa = PBXFileReference; fileEncoding = 4; lastKnownFileType = sourcecode.c.h; path = FAEvent.h; sourceTree = "<group>"; };
		E54342131747D74A00F7E66B /* FAEvent.m */ = {isa = PBXFileReference; fileEncoding = 4; lastKnownFileType = sourcecode.c.objc; path = FAEvent.m; sourceTree = "<group>"; };
		E54342141747D74A00F7E66B /* FAEventDispatcher.h */ = {isa = PBXFileReference; fileEncoding = 4; lastKnownFileType = sourcecode.c.h; path = FAEventDispatcher.h; sourceTree = "<group>"; };
		E54342191747D80000F7E66B /* FATaskStartEvent.h */ = {isa = PBXFileReference; fileEncoding = 4; lastKnownFileType = sourcecode.c.h; path = FATaskStartEvent.h; sourceTree = "<group>"; };
		E543421A1747D80000F7E66B /* FATaskStartEvent.m */ = {isa = PBXFileReference; fileEncoding = 4; lastKnownFileType = sourcecode.c.objc; path = FATaskStartEvent.m; sourceTree = "<group>"; };
		E543421C1747DC8100F7E66B /* FATaskCancelEvent.h */ = {isa = PBXFileReference; fileEncoding = 4; lastKnownFileType = sourcecode.c.h; path = FATaskCancelEvent.h; sourceTree = "<group>"; };
		E543421D1747DC8100F7E66B /* FATaskCancelEvent.m */ = {isa = PBXFileReference; fileEncoding = 4; lastKnownFileType = sourcecode.c.objc; path = FATaskCancelEvent.m; sourceTree = "<group>"; };
		E543421F1747DCA900F7E66B /* FATaskFinishEvent.h */ = {isa = PBXFileReference; fileEncoding = 4; lastKnownFileType = sourcecode.c.h; path = FATaskFinishEvent.h; sourceTree = "<group>"; };
		E54342201747DCA900F7E66B /* FATaskFinishEvent.m */ = {isa = PBXFileReference; fileEncoding = 4; lastKnownFileType = sourcecode.c.objc; path = FATaskFinishEvent.m; sourceTree = "<group>"; };
		E543422B17480DC400F7E66B /* FAEventHandler.h */ = {isa = PBXFileReference; fileEncoding = 4; lastKnownFileType = sourcecode.c.h; path = FAEventHandler.h; sourceTree = "<group>"; };
		E543422C17480DC400F7E66B /* FAEventHandler.m */ = {isa = PBXFileReference; fileEncoding = 4; lastKnownFileType = sourcecode.c.objc; path = FAEventHandler.m; sourceTree = "<group>"; };
		E543422E1748288800F7E66B /* FATaskResultEvent.h */ = {isa = PBXFileReference; fileEncoding = 4; lastKnownFileType = sourcecode.c.h; path = FATaskResultEvent.h; sourceTree = "<group>"; };
		E543422F1748288800F7E66B /* FATaskResultEvent.m */ = {isa = PBXFileReference; fileEncoding = 4; lastKnownFileType = sourcecode.c.objc; path = FATaskResultEvent.m; sourceTree = "<group>"; };
		E54342311748291C00F7E66B /* FATaskErrorEvent.h */ = {isa = PBXFileReference; fileEncoding = 4; lastKnownFileType = sourcecode.c.h; path = FATaskErrorEvent.h; sourceTree = "<group>"; };
		E54342321748291D00F7E66B /* FATaskErrorEvent.m */ = {isa = PBXFileReference; fileEncoding = 4; lastKnownFileType = sourcecode.c.objc; path = FATaskErrorEvent.m; sourceTree = "<group>"; };
		E54342351748335900F7E66B /* FAURLConnectionTaskResultEvent.h */ = {isa = PBXFileReference; fileEncoding = 4; lastKnownFileType = sourcecode.c.h; path = FAURLConnectionTaskResultEvent.h; sourceTree = "<group>"; };
		E54342361748335900F7E66B /* FAURLConnectionTaskResultEvent.m */ = {isa = PBXFileReference; fileEncoding = 4; lastKnownFileType = sourcecode.c.objc; path = FAURLConnectionTaskResultEvent.m; sourceTree = "<group>"; };
		E54342381748348E00F7E66B /* FAURLConnectionTaskSendProgressEvent.h */ = {isa = PBXFileReference; fileEncoding = 4; lastKnownFileType = sourcecode.c.h; path = FAURLConnectionTaskSendProgressEvent.h; sourceTree = "<group>"; };
		E54342391748348E00F7E66B /* FAURLConnectionTaskSendProgressEvent.m */ = {isa = PBXFileReference; fileEncoding = 4; lastKnownFileType = sourcecode.c.objc; path = FAURLConnectionTaskSendProgressEvent.m; sourceTree = "<group>"; };
		E543423B1748368D00F7E66B /* FAURLConnectionTaskReceiveProgressEvent.h */ = {isa = PBXFileReference; fileEncoding = 4; lastKnownFileType = sourcecode.c.h; path = FAURLConnectionTaskReceiveProgressEvent.h; sourceTree = "<group>"; };
		E543423C1748368D00F7E66B /* FAURLConnectionTaskReceiveProgressEvent.m */ = {isa = PBXFileReference; fileEncoding = 4; lastKnownFileType = sourcecode.c.objc; path = FAURLConnectionTaskReceiveProgressEvent.m; sourceTree = "<group>"; };
		E543423E1748453200F7E66B /* FATaskRestartEvent.h */ = {isa = PBXFileReference; fileEncoding = 4; lastKnownFileType = sourcecode.c.h; path = FATaskRestartEvent.h; sourceTree = "<group>"; };
		E543423F1748453200F7E66B /* FATaskRestartEvent.m */ = {isa = PBXFileReference; fileEncoding = 4; lastKnownFileType = sourcecode.c.objc; path = FATaskRestartEvent.m; sourceTree = "<group>"; };
		E54342411748456700F7E66B /* FATaskDelayEvent.h */ = {isa = PBXFileReference; fileEncoding = 4; lastKnownFileType = sourcecode.c.h; path = FATaskDelayEvent.h; sourceTree = "<group>"; };
		E54342421748456700F7E66B /* FATaskDelayEvent.m */ = {isa = PBXFileReference; fileEncoding = 4; lastKnownFileType = sourcecode.c.objc; path = FATaskDelayEvent.m; sourceTree = "<group>"; };
		E54342641748569300F7E66B /* FAURLConnectionTaskDownloadResultEvent.h */ = {isa = PBXFileReference; fileEncoding = 4; lastKnownFileType = sourcecode.c.h; path = FAURLConnectionTaskDownloadResultEvent.h; sourceTree = "<group>"; };
		E54342651748569400F7E66B /* FAURLConnectionTaskDownloadResultEvent.m */ = {isa = PBXFileReference; fileEncoding = 4; lastKnownFileType = sourcecode.c.objc; path = FAURLConnectionTaskDownloadResultEvent.m; sourceTree = "<group>"; };
		E553442616D17ACB007BF606 /* libFranticApparatus.a */ = {isa = PBXFileReference; explicitFileType = archive.ar; includeInIndex = 0; path = libFranticApparatus.a; sourceTree = BUILT_PRODUCTS_DIR; };
		E553442916D17ACB007BF606 /* Foundation.framework */ = {isa = PBXFileReference; lastKnownFileType = wrapper.framework; name = Foundation.framework; path = System/Library/Frameworks/Foundation.framework; sourceTree = SDKROOT; };
		E553442D16D17ACB007BF606 /* FranticApparatus-Prefix.pch */ = {isa = PBXFileReference; lastKnownFileType = sourcecode.c.h; path = "FranticApparatus-Prefix.pch"; sourceTree = "<group>"; };
		E553442E16D17ACB007BF606 /* FranticApparatus.h */ = {isa = PBXFileReference; lastKnownFileType = sourcecode.c.h; path = FranticApparatus.h; sourceTree = "<group>"; };
		E553443016D17ACB007BF606 /* FranticApparatus.m */ = {isa = PBXFileReference; lastKnownFileType = sourcecode.c.objc; path = FranticApparatus.m; sourceTree = "<group>"; };
		E553443716D17ACB007BF606 /* FranticApparatusTests.octest */ = {isa = PBXFileReference; explicitFileType = wrapper.cfbundle; includeInIndex = 0; path = FranticApparatusTests.octest; sourceTree = BUILT_PRODUCTS_DIR; };
		E553443816D17ACB007BF606 /* SenTestingKit.framework */ = {isa = PBXFileReference; lastKnownFileType = wrapper.framework; name = SenTestingKit.framework; path = Library/Frameworks/SenTestingKit.framework; sourceTree = DEVELOPER_DIR; };
		E553444216D17ACB007BF606 /* FranticApparatusTests-Info.plist */ = {isa = PBXFileReference; lastKnownFileType = text.plist.xml; path = "FranticApparatusTests-Info.plist"; sourceTree = "<group>"; };
		E553444416D17ACB007BF606 /* en */ = {isa = PBXFileReference; lastKnownFileType = text.plist.strings; name = en; path = en.lproj/InfoPlist.strings; sourceTree = "<group>"; };
		E553444616D17ACB007BF606 /* FranticApparatusTests.h */ = {isa = PBXFileReference; lastKnownFileType = sourcecode.c.h; path = FranticApparatusTests.h; sourceTree = "<group>"; };
		E553444716D17ACB007BF606 /* FranticApparatusTests.m */ = {isa = PBXFileReference; lastKnownFileType = sourcecode.c.objc; path = FranticApparatusTests.m; sourceTree = "<group>"; };
		E553445216D17B4A007BF606 /* FAAbstractTask.h */ = {isa = PBXFileReference; fileEncoding = 4; lastKnownFileType = sourcecode.c.h; path = FAAbstractTask.h; sourceTree = "<group>"; };
		E553445316D17B4A007BF606 /* FAAbstractTask.m */ = {isa = PBXFileReference; fileEncoding = 4; lastKnownFileType = sourcecode.c.objc; path = FAAbstractTask.m; sourceTree = "<group>"; };
		E553445416D17B4A007BF606 /* FABatchTask.h */ = {isa = PBXFileReference; fileEncoding = 4; lastKnownFileType = sourcecode.c.h; path = FABatchTask.h; sourceTree = "<group>"; };
		E553445516D17B4A007BF606 /* FABatchTask.m */ = {isa = PBXFileReference; fileEncoding = 4; lastKnownFileType = sourcecode.c.objc; path = FABatchTask.m; sourceTree = "<group>"; };
		E553445816D17B4A007BF606 /* FABackgroundTask.h */ = {isa = PBXFileReference; fileEncoding = 4; lastKnownFileType = sourcecode.c.h; path = FABackgroundTask.h; sourceTree = "<group>"; };
		E553445916D17B4A007BF606 /* FABackgroundTask.m */ = {isa = PBXFileReference; fileEncoding = 4; lastKnownFileType = sourcecode.c.objc; path = FABackgroundTask.m; sourceTree = "<group>"; };
		E553445A16D17B4A007BF606 /* FAParallelBatchTask.h */ = {isa = PBXFileReference; fileEncoding = 4; lastKnownFileType = sourcecode.c.h; path = FAParallelBatchTask.h; sourceTree = "<group>"; };
		E553445B16D17B4A007BF606 /* FAParallelBatchTask.m */ = {isa = PBXFileReference; fileEncoding = 4; lastKnownFileType = sourcecode.c.objc; path = FAParallelBatchTask.m; sourceTree = "<group>"; };
		E553445C16D17B4A007BF606 /* FASequentialBatchTask.h */ = {isa = PBXFileReference; fileEncoding = 4; lastKnownFileType = sourcecode.c.h; path = FASequentialBatchTask.h; sourceTree = "<group>"; };
		E553445D16D17B4A007BF606 /* FASequentialBatchTask.m */ = {isa = PBXFileReference; fileEncoding = 4; lastKnownFileType = sourcecode.c.objc; path = FASequentialBatchTask.m; sourceTree = "<group>"; };
		E553445E16D17B4A007BF606 /* FATask.h */ = {isa = PBXFileReference; fileEncoding = 4; lastKnownFileType = sourcecode.c.h; path = FATask.h; sourceTree = "<group>"; };
		E553446616D17C1D007BF606 /* FAURLConnectionDataTask.h */ = {isa = PBXFileReference; fileEncoding = 4; lastKnownFileType = sourcecode.c.h; path = FAURLConnectionDataTask.h; sourceTree = "<group>"; };
		E553446716D17C1D007BF606 /* FAURLConnectionDataTask.m */ = {isa = PBXFileReference; fileEncoding = 4; lastKnownFileType = sourcecode.c.objc; path = FAURLConnectionDataTask.m; sourceTree = "<group>"; };
		E553446816D17C1D007BF606 /* FAURLConnectionDownloadTask.h */ = {isa = PBXFileReference; fileEncoding = 4; lastKnownFileType = sourcecode.c.h; path = FAURLConnectionDownloadTask.h; sourceTree = "<group>"; };
		E553446916D17C1D007BF606 /* FAURLConnectionDownloadTask.m */ = {isa = PBXFileReference; fileEncoding = 4; lastKnownFileType = sourcecode.c.objc; path = FAURLConnectionDownloadTask.m; sourceTree = "<group>"; };
		E553446A16D17C1D007BF606 /* FAURLConnectionTask.h */ = {isa = PBXFileReference; fileEncoding = 4; lastKnownFileType = sourcecode.c.h; path = FAURLConnectionTask.h; sourceTree = "<group>"; };
		E553446B16D17C1D007BF606 /* FAURLConnectionTask.m */ = {isa = PBXFileReference; fileEncoding = 4; lastKnownFileType = sourcecode.c.objc; path = FAURLConnectionTask.m; sourceTree = "<group>"; };
		E553446C16D17C1D007BF606 /* FAURLConnectionStreamTask.h */ = {isa = PBXFileReference; fileEncoding = 4; lastKnownFileType = sourcecode.c.h; path = FAURLConnectionStreamTask.h; sourceTree = "<group>"; };
		E553446D16D17C1D007BF606 /* FAURLConnectionStreamTask.m */ = {isa = PBXFileReference; fileEncoding = 4; lastKnownFileType = sourcecode.c.objc; path = FAURLConnectionStreamTask.m; sourceTree = "<group>"; };
		E57E006916EE8A2B0066D124 /* FAHTTPURLResponseValidator.h */ = {isa = PBXFileReference; fileEncoding = 4; lastKnownFileType = sourcecode.c.h; path = FAHTTPURLResponseValidator.h; sourceTree = "<group>"; };
		E57E006A16EE8A2B0066D124 /* FAHTTPURLResponseValidator.m */ = {isa = PBXFileReference; fileEncoding = 4; lastKnownFileType = sourcecode.c.objc; path = FAHTTPURLResponseValidator.m; sourceTree = "<group>"; };
		E57E006C16EE8AD20066D124 /* FAHTTPError.h */ = {isa = PBXFileReference; fileEncoding = 4; lastKnownFileType = sourcecode.c.h; path = FAHTTPError.h; sourceTree = "<group>"; };
		E57E006D16EE8AD20066D124 /* FAHTTPError.m */ = {isa = PBXFileReference; fileEncoding = 4; lastKnownFileType = sourcecode.c.objc; path = FAHTTPError.m; sourceTree = "<group>"; };
		E57E006F16EE8B210066D124 /* FAURLResponseValidator.h */ = {isa = PBXFileReference; lastKnownFileType = sourcecode.c.h; path = FAURLResponseValidator.h; sourceTree = "<group>"; };
		E57E007016EE9C520066D124 /* FACustomURLResponseValidator.h */ = {isa = PBXFileReference; fileEncoding = 4; lastKnownFileType = sourcecode.c.h; path = FACustomURLResponseValidator.h; sourceTree = "<group>"; };
		E57E007116EE9C520066D124 /* FACustomURLResponseValidator.m */ = {isa = PBXFileReference; fileEncoding = 4; lastKnownFileType = sourcecode.c.objc; path = FACustomURLResponseValidator.m; sourceTree = "<group>"; };
		E57E00A216EF5E880066D124 /* FAURLResponseValidator.m */ = {isa = PBXFileReference; fileEncoding = 4; lastKnownFileType = sourcecode.c.objc; path = FAURLResponseValidator.m; sourceTree = "<group>"; };
		E5B4799E16E8525D00480D10 /* FARetryTask.h */ = {isa = PBXFileReference; fileEncoding = 4; lastKnownFileType = sourcecode.c.h; path = FARetryTask.h; sourceTree = "<group>"; };
		E5B4799F16E8525E00480D10 /* FARetryTask.m */ = {isa = PBXFileReference; fileEncoding = 4; lastKnownFileType = sourcecode.c.objc; path = FARetryTask.m; sourceTree = "<group>"; };
/* End PBXFileReference section */

/* Begin PBXFrameworksBuildPhase section */
		E553442316D17ACB007BF606 /* Frameworks */ = {
			isa = PBXFrameworksBuildPhase;
			buildActionMask = 2147483647;
			files = (
				E553442A16D17ACB007BF606 /* Foundation.framework in Frameworks */,
			);
			runOnlyForDeploymentPostprocessing = 0;
		};
		E553443316D17ACB007BF606 /* Frameworks */ = {
			isa = PBXFrameworksBuildPhase;
			buildActionMask = 2147483647;
			files = (
				E553443916D17ACB007BF606 /* SenTestingKit.framework in Frameworks */,
				E553443C16D17ACB007BF606 /* Foundation.framework in Frameworks */,
				E553443F16D17ACB007BF606 /* libFranticApparatus.a in Frameworks */,
			);
			runOnlyForDeploymentPostprocessing = 0;
		};
/* End PBXFrameworksBuildPhase section */

/* Begin PBXGroup section */
		E51F2BD0175A831200A1F33B /* Result */ = {
			isa = PBXGroup;
			children = (
				E51F2BD1175A832700A1F33B /* FAURLConnectionDataResult.h */,
				E51F2BD2175A832700A1F33B /* FAURLConnectionDataResult.m */,
			);
			path = Result;
			sourceTree = "<group>";
		};
		E54342111747D72F00F7E66B /* Event */ = {
			isa = PBXGroup;
			children = (
				E54342121747D74A00F7E66B /* FAEvent.h */,
				E54342131747D74A00F7E66B /* FAEvent.m */,
				E543422B17480DC400F7E66B /* FAEventHandler.h */,
				E543422C17480DC400F7E66B /* FAEventHandler.m */,
				E54342141747D74A00F7E66B /* FAEventDispatcher.h */,
				E522239A1751C3C500FB59CB /* FAEventDispatcher.m */,
			);
			path = Event;
			sourceTree = "<group>";
		};
		E54342181747D7EF00F7E66B /* Events */ = {
			isa = PBXGroup;
			children = (
				E51F2BD4175A99BC00A1F33B /* FATaskEvent.h */,
				E51F2BD5175A99BC00A1F33B /* FATaskEvent.m */,
				E54342191747D80000F7E66B /* FATaskStartEvent.h */,
				E543421A1747D80000F7E66B /* FATaskStartEvent.m */,
				E543421C1747DC8100F7E66B /* FATaskCancelEvent.h */,
				E543421D1747DC8100F7E66B /* FATaskCancelEvent.m */,
				E543421F1747DCA900F7E66B /* FATaskFinishEvent.h */,
				E54342201747DCA900F7E66B /* FATaskFinishEvent.m */,
				E543422E1748288800F7E66B /* FATaskResultEvent.h */,
				E543422F1748288800F7E66B /* FATaskResultEvent.m */,
				E54342311748291C00F7E66B /* FATaskErrorEvent.h */,
				E54342321748291D00F7E66B /* FATaskErrorEvent.m */,
				E543423E1748453200F7E66B /* FATaskRestartEvent.h */,
				E543423F1748453200F7E66B /* FATaskRestartEvent.m */,
				E54342421748456700F7E66B /* FATaskDelayEvent.m */,
				E54342411748456700F7E66B /* FATaskDelayEvent.h */,
			);
			path = Events;
			sourceTree = "<group>";
		};
		E54342341748333E00F7E66B /* Events */ = {
			isa = PBXGroup;
			children = (
				E54342351748335900F7E66B /* FAURLConnectionTaskResultEvent.h */,
				E54342361748335900F7E66B /* FAURLConnectionTaskResultEvent.m */,
				E54342641748569300F7E66B /* FAURLConnectionTaskDownloadResultEvent.h */,
				E54342651748569400F7E66B /* FAURLConnectionTaskDownloadResultEvent.m */,
				E54342381748348E00F7E66B /* FAURLConnectionTaskSendProgressEvent.h */,
				E54342391748348E00F7E66B /* FAURLConnectionTaskSendProgressEvent.m */,
				E543423B1748368D00F7E66B /* FAURLConnectionTaskReceiveProgressEvent.h */,
				E543423C1748368D00F7E66B /* FAURLConnectionTaskReceiveProgressEvent.m */,
			);
			path = Events;
			sourceTree = "<group>";
		};
		E553441D16D17ACB007BF606 = {
			isa = PBXGroup;
			children = (
				E553442B16D17ACB007BF606 /* FranticApparatus */,
				E553444016D17ACB007BF606 /* FranticApparatusTests */,
				E553442816D17ACB007BF606 /* Frameworks */,
				E553442716D17ACB007BF606 /* Products */,
			);
			sourceTree = "<group>";
		};
		E553442716D17ACB007BF606 /* Products */ = {
			isa = PBXGroup;
			children = (
				E553442616D17ACB007BF606 /* libFranticApparatus.a */,
				E553443716D17ACB007BF606 /* FranticApparatusTests.octest */,
			);
			name = Products;
			sourceTree = "<group>";
		};
		E553442816D17ACB007BF606 /* Frameworks */ = {
			isa = PBXGroup;
			children = (
				E553442916D17ACB007BF606 /* Foundation.framework */,
				E553443816D17ACB007BF606 /* SenTestingKit.framework */,
			);
			name = Frameworks;
			sourceTree = "<group>";
		};
		E553442B16D17ACB007BF606 /* FranticApparatus */ = {
			isa = PBXGroup;
			children = (
				E54342111747D72F00F7E66B /* Event */,
				E553446516D17C08007BF606 /* Network */,
				E553445116D17B35007BF606 /* Task */,
				E553442E16D17ACB007BF606 /* FranticApparatus.h */,
				E553443016D17ACB007BF606 /* FranticApparatus.m */,
				E553442C16D17ACB007BF606 /* Supporting Files */,
			);
			path = FranticApparatus;
			sourceTree = "<group>";
		};
		E553442C16D17ACB007BF606 /* Supporting Files */ = {
			isa = PBXGroup;
			children = (
				E553442D16D17ACB007BF606 /* FranticApparatus-Prefix.pch */,
			);
			name = "Supporting Files";
			sourceTree = "<group>";
		};
		E553444016D17ACB007BF606 /* FranticApparatusTests */ = {
			isa = PBXGroup;
			children = (
				E553444616D17ACB007BF606 /* FranticApparatusTests.h */,
				E553444716D17ACB007BF606 /* FranticApparatusTests.m */,
				E553444116D17ACB007BF606 /* Supporting Files */,
			);
			path = FranticApparatusTests;
			sourceTree = "<group>";
		};
		E553444116D17ACB007BF606 /* Supporting Files */ = {
			isa = PBXGroup;
			children = (
				E553444216D17ACB007BF606 /* FranticApparatusTests-Info.plist */,
				E553444316D17ACB007BF606 /* InfoPlist.strings */,
			);
			name = "Supporting Files";
			sourceTree = "<group>";
		};
		E553445116D17B35007BF606 /* Task */ = {
			isa = PBXGroup;
			children = (
				E54342181747D7EF00F7E66B /* Events */,
				E553445E16D17B4A007BF606 /* FATask.h */,
				E553445216D17B4A007BF606 /* FAAbstractTask.h */,
				E553445316D17B4A007BF606 /* FAAbstractTask.m */,
				E553445816D17B4A007BF606 /* FABackgroundTask.h */,
				E553445916D17B4A007BF606 /* FABackgroundTask.m */,
				E553445416D17B4A007BF606 /* FABatchTask.h */,
				E553445516D17B4A007BF606 /* FABatchTask.m */,
				E504DCE616DAAF0A00DEB30C /* FAOrderedBatchTask.h */,
				E504DCE716DAAF0B00DEB30C /* FAOrderedBatchTask.m */,
				E553445A16D17B4A007BF606 /* FAParallelBatchTask.h */,
				E553445B16D17B4A007BF606 /* FAParallelBatchTask.m */,
				E553445C16D17B4A007BF606 /* FASequentialBatchTask.h */,
				E553445D16D17B4A007BF606 /* FASequentialBatchTask.m */,
				2C439C1316DDBCAB002381F0 /* FAChainedBatchTask.h */,
				2C439C1416DDBCAC002381F0 /* FAChainedBatchTask.m */,
				2C0A3D4216E9016F00988BB6 /* FAConditionalBatchTask.h */,
				2C0A3D4316E9016F00988BB6 /* FAConditionalBatchTask.m */,
				E5B4799E16E8525D00480D10 /* FARetryTask.h */,
				E5B4799F16E8525E00480D10 /* FARetryTask.m */,
				E51F2BC6175A521B00A1F33B /* FATaskFactory.h */,
				E51F2BC7175A521B00A1F33B /* FATaskFactory.m */,
				E51F2BC9175A644900A1F33B /* FANullTask.h */,
				E51F2BCA175A644900A1F33B /* FANullTask.m */,
			);
			path = Task;
			sourceTree = "<group>";
		};
		E553446516D17C08007BF606 /* Network */ = {
			isa = PBXGroup;
			children = (
				E51F2BD0175A831200A1F33B /* Result */,
				E54342341748333E00F7E66B /* Events */,
				E57E006C16EE8AD20066D124 /* FAHTTPError.h */,
				E57E006D16EE8AD20066D124 /* FAHTTPError.m */,
				E57E006F16EE8B210066D124 /* FAURLResponseValidator.h */,
				E57E00A216EF5E880066D124 /* FAURLResponseValidator.m */,
				E57E007016EE9C520066D124 /* FACustomURLResponseValidator.h */,
				E57E007116EE9C520066D124 /* FACustomURLResponseValidator.m */,
				E57E006916EE8A2B0066D124 /* FAHTTPURLResponseValidator.h */,
				E57E006A16EE8A2B0066D124 /* FAHTTPURLResponseValidator.m */,
				E553446A16D17C1D007BF606 /* FAURLConnectionTask.h */,
				E553446B16D17C1D007BF606 /* FAURLConnectionTask.m */,
				E553446616D17C1D007BF606 /* FAURLConnectionDataTask.h */,
				E553446716D17C1D007BF606 /* FAURLConnectionDataTask.m */,
				E553446816D17C1D007BF606 /* FAURLConnectionDownloadTask.h */,
				E553446916D17C1D007BF606 /* FAURLConnectionDownloadTask.m */,
				E553446C16D17C1D007BF606 /* FAURLConnectionStreamTask.h */,
				E553446D16D17C1D007BF606 /* FAURLConnectionStreamTask.m */,
				2C0A3D4C16E9171000988BB6 /* NSURLResponse+StringEncoding.h */,
				2C0A3D4D16E9171000988BB6 /* NSURLResponse+StringEncoding.m */,
			);
			path = Network;
			sourceTree = "<group>";
		};
/* End PBXGroup section */

/* Begin PBXNativeTarget section */
		E553442516D17ACB007BF606 /* FranticApparatus */ = {
			isa = PBXNativeTarget;
			buildConfigurationList = E553444B16D17ACB007BF606 /* Build configuration list for PBXNativeTarget "FranticApparatus" */;
			buildPhases = (
				E553442216D17ACB007BF606 /* Sources */,
				E553442316D17ACB007BF606 /* Frameworks */,
				E553442416D17ACB007BF606 /* CopyFiles */,
			);
			buildRules = (
			);
			dependencies = (
			);
			name = FranticApparatus;
			productName = FranticApparatus;
			productReference = E553442616D17ACB007BF606 /* libFranticApparatus.a */;
			productType = "com.apple.product-type.library.static";
		};
		E553443616D17ACB007BF606 /* FranticApparatusTests */ = {
			isa = PBXNativeTarget;
			buildConfigurationList = E553444E16D17ACB007BF606 /* Build configuration list for PBXNativeTarget "FranticApparatusTests" */;
			buildPhases = (
				E553443216D17ACB007BF606 /* Sources */,
				E553443316D17ACB007BF606 /* Frameworks */,
				E553443416D17ACB007BF606 /* Resources */,
				E553443516D17ACB007BF606 /* ShellScript */,
			);
			buildRules = (
			);
			dependencies = (
				E553443E16D17ACB007BF606 /* PBXTargetDependency */,
			);
			name = FranticApparatusTests;
			productName = FranticApparatusTests;
			productReference = E553443716D17ACB007BF606 /* FranticApparatusTests.octest */;
			productType = "com.apple.product-type.bundle";
		};
/* End PBXNativeTarget section */

/* Begin PBXProject section */
		E553441E16D17ACB007BF606 /* Project object */ = {
			isa = PBXProject;
			attributes = {
				LastUpgradeCheck = 0460;
				ORGANIZATIONNAME = "Frantic Apparatus";
			};
			buildConfigurationList = E553442116D17ACB007BF606 /* Build configuration list for PBXProject "FranticApparatus" */;
			compatibilityVersion = "Xcode 3.2";
			developmentRegion = English;
			hasScannedForEncodings = 0;
			knownRegions = (
				en,
			);
			mainGroup = E553441D16D17ACB007BF606;
			productRefGroup = E553442716D17ACB007BF606 /* Products */;
			projectDirPath = "";
			projectRoot = "";
			targets = (
				E553442516D17ACB007BF606 /* FranticApparatus */,
				E553443616D17ACB007BF606 /* FranticApparatusTests */,
			);
		};
/* End PBXProject section */

/* Begin PBXResourcesBuildPhase section */
		E553443416D17ACB007BF606 /* Resources */ = {
			isa = PBXResourcesBuildPhase;
			buildActionMask = 2147483647;
			files = (
				E553444516D17ACB007BF606 /* InfoPlist.strings in Resources */,
			);
			runOnlyForDeploymentPostprocessing = 0;
		};
/* End PBXResourcesBuildPhase section */

/* Begin PBXShellScriptBuildPhase section */
		E553443516D17ACB007BF606 /* ShellScript */ = {
			isa = PBXShellScriptBuildPhase;
			buildActionMask = 2147483647;
			files = (
			);
			inputPaths = (
			);
			outputPaths = (
			);
			runOnlyForDeploymentPostprocessing = 0;
			shellPath = /bin/sh;
			shellScript = "# Run the unit tests in this test bundle.\n\"${SYSTEM_DEVELOPER_DIR}/Tools/RunUnitTests\"\n";
		};
/* End PBXShellScriptBuildPhase section */

/* Begin PBXSourcesBuildPhase section */
		E553442216D17ACB007BF606 /* Sources */ = {
			isa = PBXSourcesBuildPhase;
			buildActionMask = 2147483647;
			files = (
				E553443116D17ACB007BF606 /* FranticApparatus.m in Sources */,
				E553445F16D17B4A007BF606 /* FAAbstractTask.m in Sources */,
				E553446016D17B4A007BF606 /* FABatchTask.m in Sources */,
				E553446216D17B4A007BF606 /* FABackgroundTask.m in Sources */,
				E553446316D17B4A007BF606 /* FAParallelBatchTask.m in Sources */,
				E553446416D17B4A007BF606 /* FASequentialBatchTask.m in Sources */,
				E553447016D17C1D007BF606 /* FAURLConnectionDataTask.m in Sources */,
				E553447116D17C1D007BF606 /* FAURLConnectionDownloadTask.m in Sources */,
				E553447216D17C1D007BF606 /* FAURLConnectionTask.m in Sources */,
				E553447316D17C1D007BF606 /* FAURLConnectionStreamTask.m in Sources */,
				E504DCE816DAAF0B00DEB30C /* FAOrderedBatchTask.m in Sources */,
				2C439C1516DDBCAC002381F0 /* FAChainedBatchTask.m in Sources */,
				E5B479A016E8525E00480D10 /* FARetryTask.m in Sources */,
				2C0A3D4416E9016F00988BB6 /* FAConditionalBatchTask.m in Sources */,
				2C0A3D4E16E9171000988BB6 /* NSURLResponse+StringEncoding.m in Sources */,
				E57E006B16EE8A2C0066D124 /* FAHTTPURLResponseValidator.m in Sources */,
				E57E006E16EE8AD30066D124 /* FAHTTPError.m in Sources */,
				E57E007216EE9C530066D124 /* FACustomURLResponseValidator.m in Sources */,
				E57E00A316EF5E890066D124 /* FAURLResponseValidator.m in Sources */,
				E54342161747D74A00F7E66B /* FAEvent.m in Sources */,
				E543421B1747D80000F7E66B /* FATaskStartEvent.m in Sources */,
				E543421E1747DC8100F7E66B /* FATaskCancelEvent.m in Sources */,
				E54342211747DCA900F7E66B /* FATaskFinishEvent.m in Sources */,
				E543422D17480DC500F7E66B /* FAEventHandler.m in Sources */,
				E54342301748288900F7E66B /* FATaskResultEvent.m in Sources */,
				E54342331748291D00F7E66B /* FATaskErrorEvent.m in Sources */,
				E54342371748335900F7E66B /* FAURLConnectionTaskResultEvent.m in Sources */,
				E543423A1748348E00F7E66B /* FAURLConnectionTaskSendProgressEvent.m in Sources */,
				E543423D1748368D00F7E66B /* FAURLConnectionTaskReceiveProgressEvent.m in Sources */,
				E54342401748453300F7E66B /* FATaskRestartEvent.m in Sources */,
				E54342431748456800F7E66B /* FATaskDelayEvent.m in Sources */,
				E54342661748569400F7E66B /* FAURLConnectionTaskDownloadResultEvent.m in Sources */,
				E522239B1751C3C500FB59CB /* FAEventDispatcher.m in Sources */,
				E51F2BC8175A521B00A1F33B /* FATaskFactory.m in Sources */,
				E51F2BCB175A644900A1F33B /* FANullTask.m in Sources */,
				E51F2BD3175A832700A1F33B /* FAURLConnectionDataResult.m in Sources */,
				E51F2BD6175A99BD00A1F33B /* FATaskEvent.m in Sources */,
			);
			runOnlyForDeploymentPostprocessing = 0;
		};
		E553443216D17ACB007BF606 /* Sources */ = {
			isa = PBXSourcesBuildPhase;
			buildActionMask = 2147483647;
			files = (
				E553444816D17ACB007BF606 /* FranticApparatusTests.m in Sources */,
			);
			runOnlyForDeploymentPostprocessing = 0;
		};
/* End PBXSourcesBuildPhase section */

/* Begin PBXTargetDependency section */
		E553443E16D17ACB007BF606 /* PBXTargetDependency */ = {
			isa = PBXTargetDependency;
			target = E553442516D17ACB007BF606 /* FranticApparatus */;
			targetProxy = E553443D16D17ACB007BF606 /* PBXContainerItemProxy */;
		};
/* End PBXTargetDependency section */

/* Begin PBXVariantGroup section */
		E553444316D17ACB007BF606 /* InfoPlist.strings */ = {
			isa = PBXVariantGroup;
			children = (
				E553444416D17ACB007BF606 /* en */,
			);
			name = InfoPlist.strings;
			sourceTree = "<group>";
		};
/* End PBXVariantGroup section */

/* Begin XCBuildConfiguration section */
		E553444916D17ACB007BF606 /* Debug */ = {
			isa = XCBuildConfiguration;
			buildSettings = {
				ALWAYS_SEARCH_USER_PATHS = NO;
				CLANG_CXX_LANGUAGE_STANDARD = "gnu++0x";
				CLANG_CXX_LIBRARY = "libc++";
				CLANG_ENABLE_OBJC_ARC = YES;
				CLANG_WARN_CONSTANT_CONVERSION = YES;
				CLANG_WARN_EMPTY_BODY = YES;
				CLANG_WARN_ENUM_CONVERSION = YES;
				CLANG_WARN_INT_CONVERSION = YES;
				CLANG_WARN__DUPLICATE_METHOD_MATCH = YES;
				COPY_PHASE_STRIP = NO;
				GCC_C_LANGUAGE_STANDARD = gnu99;
				GCC_DYNAMIC_NO_PIC = NO;
				GCC_OPTIMIZATION_LEVEL = 0;
				GCC_PREPROCESSOR_DEFINITIONS = (
					"DEBUG=1",
					"$(inherited)",
				);
				GCC_SYMBOLS_PRIVATE_EXTERN = NO;
				GCC_WARN_ABOUT_RETURN_TYPE = YES;
				GCC_WARN_UNINITIALIZED_AUTOS = YES;
				GCC_WARN_UNUSED_VARIABLE = YES;
				IPHONEOS_DEPLOYMENT_TARGET = 6.1;
				ONLY_ACTIVE_ARCH = YES;
				SDKROOT = iphoneos;
			};
			name = Debug;
		};
		E553444A16D17ACB007BF606 /* Release */ = {
			isa = XCBuildConfiguration;
			buildSettings = {
				ALWAYS_SEARCH_USER_PATHS = NO;
				CLANG_CXX_LANGUAGE_STANDARD = "gnu++0x";
				CLANG_CXX_LIBRARY = "libc++";
				CLANG_ENABLE_OBJC_ARC = YES;
				CLANG_WARN_CONSTANT_CONVERSION = YES;
				CLANG_WARN_EMPTY_BODY = YES;
				CLANG_WARN_ENUM_CONVERSION = YES;
				CLANG_WARN_INT_CONVERSION = YES;
				CLANG_WARN__DUPLICATE_METHOD_MATCH = YES;
				COPY_PHASE_STRIP = YES;
				GCC_C_LANGUAGE_STANDARD = gnu99;
				GCC_WARN_ABOUT_RETURN_TYPE = YES;
				GCC_WARN_UNINITIALIZED_AUTOS = YES;
				GCC_WARN_UNUSED_VARIABLE = YES;
				IPHONEOS_DEPLOYMENT_TARGET = 6.1;
				SDKROOT = iphoneos;
				VALIDATE_PRODUCT = YES;
			};
			name = Release;
		};
		E553444C16D17ACB007BF606 /* Debug */ = {
			isa = XCBuildConfiguration;
			buildSettings = {
				DSTROOT = /tmp/FranticApparatus.dst;
				GCC_PRECOMPILE_PREFIX_HEADER = YES;
				GCC_PREFIX_HEADER = "FranticApparatus/FranticApparatus-Prefix.pch";
				OTHER_LDFLAGS = "-ObjC";
				PRODUCT_NAME = "$(TARGET_NAME)";
				SKIP_INSTALL = YES;
			};
			name = Debug;
		};
		E553444D16D17ACB007BF606 /* Release */ = {
			isa = XCBuildConfiguration;
			buildSettings = {
				DSTROOT = /tmp/FranticApparatus.dst;
				GCC_PRECOMPILE_PREFIX_HEADER = YES;
				GCC_PREFIX_HEADER = "FranticApparatus/FranticApparatus-Prefix.pch";
				OTHER_LDFLAGS = "-ObjC";
				PRODUCT_NAME = "$(TARGET_NAME)";
				SKIP_INSTALL = YES;
			};
			name = Release;
		};
		E553444F16D17ACB007BF606 /* Debug */ = {
			isa = XCBuildConfiguration;
			buildSettings = {
				FRAMEWORK_SEARCH_PATHS = (
					"\"$(SDKROOT)/Developer/Library/Frameworks\"",
					"\"$(DEVELOPER_LIBRARY_DIR)/Frameworks\"",
				);
				GCC_PRECOMPILE_PREFIX_HEADER = YES;
				GCC_PREFIX_HEADER = "FranticApparatus/FranticApparatus-Prefix.pch";
				INFOPLIST_FILE = "FranticApparatusTests/FranticApparatusTests-Info.plist";
				PRODUCT_NAME = "$(TARGET_NAME)";
				WRAPPER_EXTENSION = octest;
			};
			name = Debug;
		};
		E553445016D17ACB007BF606 /* Release */ = {
			isa = XCBuildConfiguration;
			buildSettings = {
				FRAMEWORK_SEARCH_PATHS = (
					"\"$(SDKROOT)/Developer/Library/Frameworks\"",
					"\"$(DEVELOPER_LIBRARY_DIR)/Frameworks\"",
				);
				GCC_PRECOMPILE_PREFIX_HEADER = YES;
				GCC_PREFIX_HEADER = "FranticApparatus/FranticApparatus-Prefix.pch";
				INFOPLIST_FILE = "FranticApparatusTests/FranticApparatusTests-Info.plist";
				PRODUCT_NAME = "$(TARGET_NAME)";
				WRAPPER_EXTENSION = octest;
			};
			name = Release;
		};
/* End XCBuildConfiguration section */

/* Begin XCConfigurationList section */
		E553442116D17ACB007BF606 /* Build configuration list for PBXProject "FranticApparatus" */ = {
			isa = XCConfigurationList;
			buildConfigurations = (
				E553444916D17ACB007BF606 /* Debug */,
				E553444A16D17ACB007BF606 /* Release */,
			);
			defaultConfigurationIsVisible = 0;
			defaultConfigurationName = Release;
		};
		E553444B16D17ACB007BF606 /* Build configuration list for PBXNativeTarget "FranticApparatus" */ = {
			isa = XCConfigurationList;
			buildConfigurations = (
				E553444C16D17ACB007BF606 /* Debug */,
				E553444D16D17ACB007BF606 /* Release */,
			);
			defaultConfigurationIsVisible = 0;
			defaultConfigurationName = Release;
		};
		E553444E16D17ACB007BF606 /* Build configuration list for PBXNativeTarget "FranticApparatusTests" */ = {
			isa = XCConfigurationList;
			buildConfigurations = (
				E553444F16D17ACB007BF606 /* Debug */,
				E553445016D17ACB007BF606 /* Release */,
			);
			defaultConfigurationIsVisible = 0;
			defaultConfigurationName = Release;
		};
/* End XCConfigurationList section */
	};
	rootObject = E553441E16D17ACB007BF606 /* Project object */;
}
