// !$*UTF8*$!
{
	archiveVersion = 1;
	classes = {
	};
	objectVersion = 46;
	objects = {

/* Begin PBXBuildFile section */
		E572E42318B45F800047CCC3 /* Foundation.framework in Frameworks */ = {isa = PBXBuildFile; fileRef = E572E42218B45F800047CCC3 /* Foundation.framework */; };
		E572E42518B45F800047CCC3 /* CoreGraphics.framework in Frameworks */ = {isa = PBXBuildFile; fileRef = E572E42418B45F800047CCC3 /* CoreGraphics.framework */; };
		E572E42718B45F800047CCC3 /* UIKit.framework in Frameworks */ = {isa = PBXBuildFile; fileRef = E572E42618B45F800047CCC3 /* UIKit.framework */; };
		E572E42D18B45F800047CCC3 /* InfoPlist.strings in Resources */ = {isa = PBXBuildFile; fileRef = E572E42B18B45F800047CCC3 /* InfoPlist.strings */; };
		E572E42F18B45F800047CCC3 /* main.m in Sources */ = {isa = PBXBuildFile; fileRef = E572E42E18B45F800047CCC3 /* main.m */; };
		E572E43318B45F800047CCC3 /* FAAppDelegate.m in Sources */ = {isa = PBXBuildFile; fileRef = E572E43218B45F800047CCC3 /* FAAppDelegate.m */; };
		E572E43518B45F800047CCC3 /* Images.xcassets in Resources */ = {isa = PBXBuildFile; fileRef = E572E43418B45F800047CCC3 /* Images.xcassets */; };
		E572E43C18B45F800047CCC3 /* XCTest.framework in Frameworks */ = {isa = PBXBuildFile; fileRef = E572E43B18B45F800047CCC3 /* XCTest.framework */; };
		E572E43D18B45F800047CCC3 /* Foundation.framework in Frameworks */ = {isa = PBXBuildFile; fileRef = E572E42218B45F800047CCC3 /* Foundation.framework */; };
		E572E43E18B45F800047CCC3 /* UIKit.framework in Frameworks */ = {isa = PBXBuildFile; fileRef = E572E42618B45F800047CCC3 /* UIKit.framework */; };
		E572E44618B45F800047CCC3 /* InfoPlist.strings in Resources */ = {isa = PBXBuildFile; fileRef = E572E44418B45F800047CCC3 /* InfoPlist.strings */; };
		E572E44818B45F800047CCC3 /* FranticApparatusExample_iOSTests.m in Sources */ = {isa = PBXBuildFile; fileRef = E572E44718B45F800047CCC3 /* FranticApparatusExample_iOSTests.m */; };
/* End PBXBuildFile section */

/* Begin PBXContainerItemProxy section */
		E572E43F18B45F800047CCC3 /* PBXContainerItemProxy */ = {
			isa = PBXContainerItemProxy;
			containerPortal = E572E41718B45F800047CCC3 /* Project object */;
			proxyType = 1;
			remoteGlobalIDString = E572E41E18B45F800047CCC3;
			remoteInfo = FranticApparatusExample_iOS;
		};
/* End PBXContainerItemProxy section */

/* Begin PBXFileReference section */
		E572E41F18B45F800047CCC3 /* FranticApparatusExample_iOS.app */ = {isa = PBXFileReference; explicitFileType = wrapper.application; includeInIndex = 0; path = FranticApparatusExample_iOS.app; sourceTree = BUILT_PRODUCTS_DIR; };
		E572E42218B45F800047CCC3 /* Foundation.framework */ = {isa = PBXFileReference; lastKnownFileType = wrapper.framework; name = Foundation.framework; path = System/Library/Frameworks/Foundation.framework; sourceTree = SDKROOT; };
		E572E42418B45F800047CCC3 /* CoreGraphics.framework */ = {isa = PBXFileReference; lastKnownFileType = wrapper.framework; name = CoreGraphics.framework; path = System/Library/Frameworks/CoreGraphics.framework; sourceTree = SDKROOT; };
		E572E42618B45F800047CCC3 /* UIKit.framework */ = {isa = PBXFileReference; lastKnownFileType = wrapper.framework; name = UIKit.framework; path = System/Library/Frameworks/UIKit.framework; sourceTree = SDKROOT; };
		E572E42A18B45F800047CCC3 /* FranticApparatusExample_iOS-Info.plist */ = {isa = PBXFileReference; lastKnownFileType = text.plist.xml; path = "FranticApparatusExample_iOS-Info.plist"; sourceTree = "<group>"; };
		E572E42C18B45F800047CCC3 /* en */ = {isa = PBXFileReference; lastKnownFileType = text.plist.strings; name = en; path = en.lproj/InfoPlist.strings; sourceTree = "<group>"; };
		E572E42E18B45F800047CCC3 /* main.m */ = {isa = PBXFileReference; lastKnownFileType = sourcecode.c.objc; path = main.m; sourceTree = "<group>"; };
		E572E43018B45F800047CCC3 /* FranticApparatusExample_iOS-Prefix.pch */ = {isa = PBXFileReference; lastKnownFileType = sourcecode.c.h; path = "FranticApparatusExample_iOS-Prefix.pch"; sourceTree = "<group>"; };
		E572E43118B45F800047CCC3 /* FAAppDelegate.h */ = {isa = PBXFileReference; lastKnownFileType = sourcecode.c.h; path = FAAppDelegate.h; sourceTree = "<group>"; };
		E572E43218B45F800047CCC3 /* FAAppDelegate.m */ = {isa = PBXFileReference; lastKnownFileType = sourcecode.c.objc; path = FAAppDelegate.m; sourceTree = "<group>"; };
		E572E43418B45F800047CCC3 /* Images.xcassets */ = {isa = PBXFileReference; lastKnownFileType = folder.assetcatalog; path = Images.xcassets; sourceTree = "<group>"; };
		E572E43A18B45F800047CCC3 /* FranticApparatusExample_iOSTests.xctest */ = {isa = PBXFileReference; explicitFileType = wrapper.cfbundle; includeInIndex = 0; path = FranticApparatusExample_iOSTests.xctest; sourceTree = BUILT_PRODUCTS_DIR; };
		E572E43B18B45F800047CCC3 /* XCTest.framework */ = {isa = PBXFileReference; lastKnownFileType = wrapper.framework; name = XCTest.framework; path = Library/Frameworks/XCTest.framework; sourceTree = DEVELOPER_DIR; };
		E572E44318B45F800047CCC3 /* FranticApparatusExample_iOSTests-Info.plist */ = {isa = PBXFileReference; lastKnownFileType = text.plist.xml; path = "FranticApparatusExample_iOSTests-Info.plist"; sourceTree = "<group>"; };
		E572E44518B45F800047CCC3 /* en */ = {isa = PBXFileReference; lastKnownFileType = text.plist.strings; name = en; path = en.lproj/InfoPlist.strings; sourceTree = "<group>"; };
		E572E44718B45F800047CCC3 /* FranticApparatusExample_iOSTests.m */ = {isa = PBXFileReference; lastKnownFileType = sourcecode.c.objc; path = FranticApparatusExample_iOSTests.m; sourceTree = "<group>"; };
/* End PBXFileReference section */

/* Begin PBXFrameworksBuildPhase section */
		E572E41C18B45F800047CCC3 /* Frameworks */ = {
			isa = PBXFrameworksBuildPhase;
			buildActionMask = 2147483647;
			files = (
				E572E42518B45F800047CCC3 /* CoreGraphics.framework in Frameworks */,
				E572E42718B45F800047CCC3 /* UIKit.framework in Frameworks */,
				E572E42318B45F800047CCC3 /* Foundation.framework in Frameworks */,
			);
			runOnlyForDeploymentPostprocessing = 0;
		};
		E572E43718B45F800047CCC3 /* Frameworks */ = {
			isa = PBXFrameworksBuildPhase;
			buildActionMask = 2147483647;
			files = (
				E572E43C18B45F800047CCC3 /* XCTest.framework in Frameworks */,
				E572E43E18B45F800047CCC3 /* UIKit.framework in Frameworks */,
				E572E43D18B45F800047CCC3 /* Foundation.framework in Frameworks */,
			);
			runOnlyForDeploymentPostprocessing = 0;
		};
/* End PBXFrameworksBuildPhase section */

/* Begin PBXGroup section */
		E572E41618B45F800047CCC3 = {
			isa = PBXGroup;
			children = (
				E572E42818B45F800047CCC3 /* FranticApparatusExample_iOS */,
				E572E44118B45F800047CCC3 /* FranticApparatusExample_iOSTests */,
				E572E42118B45F800047CCC3 /* Frameworks */,
				E572E42018B45F800047CCC3 /* Products */,
			);
			sourceTree = "<group>";
		};
		E572E42018B45F800047CCC3 /* Products */ = {
			isa = PBXGroup;
			children = (
				E572E41F18B45F800047CCC3 /* FranticApparatusExample_iOS.app */,
				E572E43A18B45F800047CCC3 /* FranticApparatusExample_iOSTests.xctest */,
			);
			name = Products;
			sourceTree = "<group>";
		};
		E572E42118B45F800047CCC3 /* Frameworks */ = {
			isa = PBXGroup;
			children = (
				E572E42218B45F800047CCC3 /* Foundation.framework */,
				E572E42418B45F800047CCC3 /* CoreGraphics.framework */,
				E572E42618B45F800047CCC3 /* UIKit.framework */,
				E572E43B18B45F800047CCC3 /* XCTest.framework */,
			);
			name = Frameworks;
			sourceTree = "<group>";
		};
		E572E42818B45F800047CCC3 /* FranticApparatusExample_iOS */ = {
			isa = PBXGroup;
			children = (
				E572E43118B45F800047CCC3 /* FAAppDelegate.h */,
				E572E43218B45F800047CCC3 /* FAAppDelegate.m */,
				E572E43418B45F800047CCC3 /* Images.xcassets */,
				E572E42918B45F800047CCC3 /* Supporting Files */,
			);
			path = FranticApparatusExample_iOS;
			sourceTree = "<group>";
		};
		E572E42918B45F800047CCC3 /* Supporting Files */ = {
			isa = PBXGroup;
			children = (
				E572E42A18B45F800047CCC3 /* FranticApparatusExample_iOS-Info.plist */,
				E572E42B18B45F800047CCC3 /* InfoPlist.strings */,
				E572E42E18B45F800047CCC3 /* main.m */,
				E572E43018B45F800047CCC3 /* FranticApparatusExample_iOS-Prefix.pch */,
			);
			name = "Supporting Files";
			sourceTree = "<group>";
		};
		E572E44118B45F800047CCC3 /* FranticApparatusExample_iOSTests */ = {
			isa = PBXGroup;
			children = (
				E572E44718B45F800047CCC3 /* FranticApparatusExample_iOSTests.m */,
				E572E44218B45F800047CCC3 /* Supporting Files */,
			);
			path = FranticApparatusExample_iOSTests;
			sourceTree = "<group>";
		};
		E572E44218B45F800047CCC3 /* Supporting Files */ = {
			isa = PBXGroup;
			children = (
				E572E44318B45F800047CCC3 /* FranticApparatusExample_iOSTests-Info.plist */,
				E572E44418B45F800047CCC3 /* InfoPlist.strings */,
			);
			name = "Supporting Files";
			sourceTree = "<group>";
		};
/* End PBXGroup section */

/* Begin PBXNativeTarget section */
		E572E41E18B45F800047CCC3 /* FranticApparatusExample_iOS */ = {
			isa = PBXNativeTarget;
			buildConfigurationList = E572E44B18B45F800047CCC3 /* Build configuration list for PBXNativeTarget "FranticApparatusExample_iOS" */;
			buildPhases = (
				E572E41B18B45F800047CCC3 /* Sources */,
				E572E41C18B45F800047CCC3 /* Frameworks */,
				E572E41D18B45F800047CCC3 /* Resources */,
			);
			buildRules = (
			);
			dependencies = (
			);
			name = FranticApparatusExample_iOS;
			productName = FranticApparatusExample_iOS;
			productReference = E572E41F18B45F800047CCC3 /* FranticApparatusExample_iOS.app */;
			productType = "com.apple.product-type.application";
		};
		E572E43918B45F800047CCC3 /* FranticApparatusExample_iOSTests */ = {
			isa = PBXNativeTarget;
			buildConfigurationList = E572E44E18B45F800047CCC3 /* Build configuration list for PBXNativeTarget "FranticApparatusExample_iOSTests" */;
			buildPhases = (
				E572E43618B45F800047CCC3 /* Sources */,
				E572E43718B45F800047CCC3 /* Frameworks */,
				E572E43818B45F800047CCC3 /* Resources */,
			);
			buildRules = (
			);
			dependencies = (
				E572E44018B45F800047CCC3 /* PBXTargetDependency */,
			);
			name = FranticApparatusExample_iOSTests;
			productName = FranticApparatusExample_iOSTests;
			productReference = E572E43A18B45F800047CCC3 /* FranticApparatusExample_iOSTests.xctest */;
			productType = "com.apple.product-type.bundle.unit-test";
		};
/* End PBXNativeTarget section */

/* Begin PBXProject section */
		E572E41718B45F800047CCC3 /* Project object */ = {
			isa = PBXProject;
			attributes = {
				CLASSPREFIX = FA;
				LastUpgradeCheck = 0500;
				ORGANIZATIONNAME = "Justin Kolb";
				TargetAttributes = {
					E572E43918B45F800047CCC3 = {
						TestTargetID = E572E41E18B45F800047CCC3;
					};
				};
			};
			buildConfigurationList = E572E41A18B45F800047CCC3 /* Build configuration list for PBXProject "FranticApparatusExample_iOS" */;
			compatibilityVersion = "Xcode 3.2";
			developmentRegion = English;
			hasScannedForEncodings = 0;
			knownRegions = (
				en,
			);
			mainGroup = E572E41618B45F800047CCC3;
			productRefGroup = E572E42018B45F800047CCC3 /* Products */;
			projectDirPath = "";
			projectRoot = "";
			targets = (
				E572E41E18B45F800047CCC3 /* FranticApparatusExample_iOS */,
				E572E43918B45F800047CCC3 /* FranticApparatusExample_iOSTests */,
			);
		};
/* End PBXProject section */

/* Begin PBXResourcesBuildPhase section */
		E572E41D18B45F800047CCC3 /* Resources */ = {
			isa = PBXResourcesBuildPhase;
			buildActionMask = 2147483647;
			files = (
				E572E42D18B45F800047CCC3 /* InfoPlist.strings in Resources */,
				E572E43518B45F800047CCC3 /* Images.xcassets in Resources */,
			);
			runOnlyForDeploymentPostprocessing = 0;
		};
		E572E43818B45F800047CCC3 /* Resources */ = {
			isa = PBXResourcesBuildPhase;
			buildActionMask = 2147483647;
			files = (
				E572E44618B45F800047CCC3 /* InfoPlist.strings in Resources */,
			);
			runOnlyForDeploymentPostprocessing = 0;
		};
/* End PBXResourcesBuildPhase section */

/* Begin PBXSourcesBuildPhase section */
		E572E41B18B45F800047CCC3 /* Sources */ = {
			isa = PBXSourcesBuildPhase;
			buildActionMask = 2147483647;
			files = (
				E572E42F18B45F800047CCC3 /* main.m in Sources */,
				E572E43318B45F800047CCC3 /* FAAppDelegate.m in Sources */,
			);
			runOnlyForDeploymentPostprocessing = 0;
		};
		E572E43618B45F800047CCC3 /* Sources */ = {
			isa = PBXSourcesBuildPhase;
			buildActionMask = 2147483647;
			files = (
				E572E44818B45F800047CCC3 /* FranticApparatusExample_iOSTests.m in Sources */,
			);
			runOnlyForDeploymentPostprocessing = 0;
		};
/* End PBXSourcesBuildPhase section */

/* Begin PBXTargetDependency section */
		E572E44018B45F800047CCC3 /* PBXTargetDependency */ = {
			isa = PBXTargetDependency;
			target = E572E41E18B45F800047CCC3 /* FranticApparatusExample_iOS */;
			targetProxy = E572E43F18B45F800047CCC3 /* PBXContainerItemProxy */;
		};
/* End PBXTargetDependency section */

/* Begin PBXVariantGroup section */
		E572E42B18B45F800047CCC3 /* InfoPlist.strings */ = {
			isa = PBXVariantGroup;
			children = (
				E572E42C18B45F800047CCC3 /* en */,
			);
			name = InfoPlist.strings;
			sourceTree = "<group>";
		};
		E572E44418B45F800047CCC3 /* InfoPlist.strings */ = {
			isa = PBXVariantGroup;
			children = (
				E572E44518B45F800047CCC3 /* en */,
			);
			name = InfoPlist.strings;
			sourceTree = "<group>";
		};
/* End PBXVariantGroup section */

/* Begin XCBuildConfiguration section */
		E572E44918B45F800047CCC3 /* Debug */ = {
			isa = XCBuildConfiguration;
			buildSettings = {
				ALWAYS_SEARCH_USER_PATHS = NO;
				ARCHS = "$(ARCHS_STANDARD_INCLUDING_64_BIT)";
				CLANG_CXX_LANGUAGE_STANDARD = "gnu++0x";
				CLANG_CXX_LIBRARY = "libc++";
				CLANG_ENABLE_MODULES = YES;
				CLANG_ENABLE_OBJC_ARC = YES;
				CLANG_WARN_BOOL_CONVERSION = YES;
				CLANG_WARN_CONSTANT_CONVERSION = YES;
				CLANG_WARN_DIRECT_OBJC_ISA_USAGE = YES_ERROR;
				CLANG_WARN_EMPTY_BODY = YES;
				CLANG_WARN_ENUM_CONVERSION = YES;
				CLANG_WARN_INT_CONVERSION = YES;
				CLANG_WARN_OBJC_ROOT_CLASS = YES_ERROR;
				CLANG_WARN__DUPLICATE_METHOD_MATCH = YES;
				"CODE_SIGN_IDENTITY[sdk=iphoneos*]" = "iPhone Developer";
				COPY_PHASE_STRIP = NO;
				GCC_C_LANGUAGE_STANDARD = gnu99;
				GCC_DYNAMIC_NO_PIC = NO;
				GCC_OPTIMIZATION_LEVEL = 0;
				GCC_PREPROCESSOR_DEFINITIONS = (
					"DEBUG=1",
					"$(inherited)",
				);
				GCC_SYMBOLS_PRIVATE_EXTERN = NO;
				GCC_WARN_64_TO_32_BIT_CONVERSION = YES;
				GCC_WARN_ABOUT_RETURN_TYPE = YES_ERROR;
				GCC_WARN_UNDECLARED_SELECTOR = YES;
				GCC_WARN_UNINITIALIZED_AUTOS = YES;
				GCC_WARN_UNUSED_FUNCTION = YES;
				GCC_WARN_UNUSED_VARIABLE = YES;
				IPHONEOS_DEPLOYMENT_TARGET = 7.0;
				ONLY_ACTIVE_ARCH = YES;
				SDKROOT = iphoneos;
			};
			name = Debug;
		};
		E572E44A18B45F800047CCC3 /* Release */ = {
			isa = XCBuildConfiguration;
			buildSettings = {
				ALWAYS_SEARCH_USER_PATHS = NO;
				ARCHS = "$(ARCHS_STANDARD_INCLUDING_64_BIT)";
				CLANG_CXX_LANGUAGE_STANDARD = "gnu++0x";
				CLANG_CXX_LIBRARY = "libc++";
				CLANG_ENABLE_MODULES = YES;
				CLANG_ENABLE_OBJC_ARC = YES;
				CLANG_WARN_BOOL_CONVERSION = YES;
				CLANG_WARN_CONSTANT_CONVERSION = YES;
				CLANG_WARN_DIRECT_OBJC_ISA_USAGE = YES_ERROR;
				CLANG_WARN_EMPTY_BODY = YES;
				CLANG_WARN_ENUM_CONVERSION = YES;
				CLANG_WARN_INT_CONVERSION = YES;
				CLANG_WARN_OBJC_ROOT_CLASS = YES_ERROR;
				CLANG_WARN__DUPLICATE_METHOD_MATCH = YES;
				"CODE_SIGN_IDENTITY[sdk=iphoneos*]" = "iPhone Developer";
				COPY_PHASE_STRIP = YES;
				ENABLE_NS_ASSERTIONS = NO;
				GCC_C_LANGUAGE_STANDARD = gnu99;
				GCC_WARN_64_TO_32_BIT_CONVERSION = YES;
				GCC_WARN_ABOUT_RETURN_TYPE = YES_ERROR;
				GCC_WARN_UNDECLARED_SELECTOR = YES;
				GCC_WARN_UNINITIALIZED_AUTOS = YES;
				GCC_WARN_UNUSED_FUNCTION = YES;
				GCC_WARN_UNUSED_VARIABLE = YES;
				IPHONEOS_DEPLOYMENT_TARGET = 7.0;
				SDKROOT = iphoneos;
				VALIDATE_PRODUCT = YES;
			};
			name = Release;
		};
		E572E44C18B45F800047CCC3 /* Debug */ = {
			isa = XCBuildConfiguration;
			buildSettings = {
				ASSETCATALOG_COMPILER_APPICON_NAME = AppIcon;
				ASSETCATALOG_COMPILER_LAUNCHIMAGE_NAME = LaunchImage;
				GCC_PRECOMPILE_PREFIX_HEADER = YES;
				GCC_PREFIX_HEADER = "FranticApparatusExample_iOS/FranticApparatusExample_iOS-Prefix.pch";
				INFOPLIST_FILE = "FranticApparatusExample_iOS/FranticApparatusExample_iOS-Info.plist";
				PRODUCT_NAME = "$(TARGET_NAME)";
				WRAPPER_EXTENSION = app;
			};
			name = Debug;
		};
		E572E44D18B45F800047CCC3 /* Release */ = {
			isa = XCBuildConfiguration;
			buildSettings = {
				ASSETCATALOG_COMPILER_APPICON_NAME = AppIcon;
				ASSETCATALOG_COMPILER_LAUNCHIMAGE_NAME = LaunchImage;
				GCC_PRECOMPILE_PREFIX_HEADER = YES;
				GCC_PREFIX_HEADER = "FranticApparatusExample_iOS/FranticApparatusExample_iOS-Prefix.pch";
				INFOPLIST_FILE = "FranticApparatusExample_iOS/FranticApparatusExample_iOS-Info.plist";
				PRODUCT_NAME = "$(TARGET_NAME)";
				WRAPPER_EXTENSION = app;
			};
			name = Release;
		};
		E572E44F18B45F800047CCC3 /* Debug */ = {
			isa = XCBuildConfiguration;
			buildSettings = {
				ARCHS = "$(ARCHS_STANDARD_INCLUDING_64_BIT)";
				BUNDLE_LOADER = "$(BUILT_PRODUCTS_DIR)/FranticApparatusExample_iOS.app/FranticApparatusExample_iOS";
				FRAMEWORK_SEARCH_PATHS = (
					"$(SDKROOT)/Developer/Library/Frameworks",
					"$(inherited)",
					"$(DEVELOPER_FRAMEWORKS_DIR)",
				);
				GCC_PRECOMPILE_PREFIX_HEADER = YES;
				GCC_PREFIX_HEADER = "FranticApparatusExample_iOS/FranticApparatusExample_iOS-Prefix.pch";
				GCC_PREPROCESSOR_DEFINITIONS = (
					"DEBUG=1",
					"$(inherited)",
				);
				INFOPLIST_FILE = "FranticApparatusExample_iOSTests/FranticApparatusExample_iOSTests-Info.plist";
				PRODUCT_NAME = "$(TARGET_NAME)";
				TEST_HOST = "$(BUNDLE_LOADER)";
				WRAPPER_EXTENSION = xctest;
			};
			name = Debug;
		};
		E572E45018B45F800047CCC3 /* Release */ = {
			isa = XCBuildConfiguration;
			buildSettings = {
				ARCHS = "$(ARCHS_STANDARD_INCLUDING_64_BIT)";
				BUNDLE_LOADER = "$(BUILT_PRODUCTS_DIR)/FranticApparatusExample_iOS.app/FranticApparatusExample_iOS";
				FRAMEWORK_SEARCH_PATHS = (
					"$(SDKROOT)/Developer/Library/Frameworks",
					"$(inherited)",
					"$(DEVELOPER_FRAMEWORKS_DIR)",
				);
				GCC_PRECOMPILE_PREFIX_HEADER = YES;
				GCC_PREFIX_HEADER = "FranticApparatusExample_iOS/FranticApparatusExample_iOS-Prefix.pch";
				INFOPLIST_FILE = "FranticApparatusExample_iOSTests/FranticApparatusExample_iOSTests-Info.plist";
				PRODUCT_NAME = "$(TARGET_NAME)";
				TEST_HOST = "$(BUNDLE_LOADER)";
				WRAPPER_EXTENSION = xctest;
			};
			name = Release;
		};
/* End XCBuildConfiguration section */

/* Begin XCConfigurationList section */
		E572E41A18B45F800047CCC3 /* Build configuration list for PBXProject "FranticApparatusExample_iOS" */ = {
			isa = XCConfigurationList;
			buildConfigurations = (
				E572E44918B45F800047CCC3 /* Debug */,
				E572E44A18B45F800047CCC3 /* Release */,
			);
			defaultConfigurationIsVisible = 0;
			defaultConfigurationName = Release;
		};
		E572E44B18B45F800047CCC3 /* Build configuration list for PBXNativeTarget "FranticApparatusExample_iOS" */ = {
			isa = XCConfigurationList;
			buildConfigurations = (
				E572E44C18B45F800047CCC3 /* Debug */,
				E572E44D18B45F800047CCC3 /* Release */,
			);
			defaultConfigurationIsVisible = 0;
		};
		E572E44E18B45F800047CCC3 /* Build configuration list for PBXNativeTarget "FranticApparatusExample_iOSTests" */ = {
			isa = XCConfigurationList;
			buildConfigurations = (
				E572E44F18B45F800047CCC3 /* Debug */,
				E572E45018B45F800047CCC3 /* Release */,
			);
			defaultConfigurationIsVisible = 0;
		};
/* End XCConfigurationList section */
	};
	rootObject = E572E41718B45F800047CCC3 /* Project object */;
}
